// !$*UTF8*$!
{
	archiveVersion = 1;
	classes = {
	};
	objectVersion = 48;
	objects = {

/* Begin PBXBuildFile section */
		DC389B47208FFD9C0020EAD0 /* Purse.framework in Frameworks */ = {isa = PBXBuildFile; fileRef = DC389B3D208FFD9B0020EAD0 /* Purse.framework */; };
		DC389B5E208FFE5C0020EAD0 /* Purse.h in Headers */ = {isa = PBXBuildFile; fileRef = DC389B59208FFE5B0020EAD0 /* Purse.h */; settings = {ATTRIBUTES = (Public, ); }; };
		DC389B65208FFE6D0020EAD0 /* DirectoryTests.swift in Sources */ = {isa = PBXBuildFile; fileRef = DC389B63208FFE6D0020EAD0 /* DirectoryTests.swift */; };
		DC389B67208FFEF60020EAD0 /* Purse.swift in Sources */ = {isa = PBXBuildFile; fileRef = DC389B66208FFEF60020EAD0 /* Purse.swift */; };
/* End PBXBuildFile section */

/* Begin PBXContainerItemProxy section */
		DC389B48208FFD9C0020EAD0 /* PBXContainerItemProxy */ = {
			isa = PBXContainerItemProxy;
			containerPortal = DC389B34208FFD9B0020EAD0 /* Project object */;
			proxyType = 1;
			remoteGlobalIDString = DC389B3C208FFD9B0020EAD0;
			remoteInfo = Purse;
		};
/* End PBXContainerItemProxy section */

/* Begin PBXFileReference section */
		DC389B3D208FFD9B0020EAD0 /* Purse.framework */ = {isa = PBXFileReference; explicitFileType = wrapper.framework; includeInIndex = 0; path = Purse.framework; sourceTree = BUILT_PRODUCTS_DIR; };
		DC389B46208FFD9C0020EAD0 /* PurseTests.xctest */ = {isa = PBXFileReference; explicitFileType = wrapper.cfbundle; includeInIndex = 0; path = PurseTests.xctest; sourceTree = BUILT_PRODUCTS_DIR; };
		DC389B58208FFE5B0020EAD0 /* Info.plist */ = {isa = PBXFileReference; fileEncoding = 4; lastKnownFileType = text.plist.xml; path = Info.plist; sourceTree = "<group>"; };
		DC389B59208FFE5B0020EAD0 /* Purse.h */ = {isa = PBXFileReference; fileEncoding = 4; lastKnownFileType = sourcecode.c.h; path = Purse.h; sourceTree = "<group>"; };
		DC389B62208FFE6D0020EAD0 /* Info.plist */ = {isa = PBXFileReference; fileEncoding = 4; lastKnownFileType = text.plist.xml; path = Info.plist; sourceTree = "<group>"; };
		DC389B63208FFE6D0020EAD0 /* DirectoryTests.swift */ = {isa = PBXFileReference; fileEncoding = 4; lastKnownFileType = sourcecode.swift; path = DirectoryTests.swift; sourceTree = "<group>"; };
		DC389B66208FFEF60020EAD0 /* Purse.swift */ = {isa = PBXFileReference; lastKnownFileType = sourcecode.swift; path = Purse.swift; sourceTree = "<group>"; };
/* End PBXFileReference section */

/* Begin PBXFrameworksBuildPhase section */
		DC389B39208FFD9B0020EAD0 /* Frameworks */ = {
			isa = PBXFrameworksBuildPhase;
			buildActionMask = 2147483647;
			files = (
			);
			runOnlyForDeploymentPostprocessing = 0;
		};
		DC389B43208FFD9C0020EAD0 /* Frameworks */ = {
			isa = PBXFrameworksBuildPhase;
			buildActionMask = 2147483647;
			files = (
				DC389B47208FFD9C0020EAD0 /* Purse.framework in Frameworks */,
			);
			runOnlyForDeploymentPostprocessing = 0;
		};
/* End PBXFrameworksBuildPhase section */

/* Begin PBXGroup section */
		DC389B33208FFD9B0020EAD0 = {
			isa = PBXGroup;
			children = (
				DC389B57208FFE5B0020EAD0 /* Sources */,
				DC389B61208FFE6D0020EAD0 /* Tests */,
				DC389B3E208FFD9B0020EAD0 /* Products */,
			);
			sourceTree = "<group>";
		};
		DC389B3E208FFD9B0020EAD0 /* Products */ = {
			isa = PBXGroup;
			children = (
				DC389B3D208FFD9B0020EAD0 /* Purse.framework */,
				DC389B46208FFD9C0020EAD0 /* PurseTests.xctest */,
			);
			name = Products;
			sourceTree = "<group>";
		};
		DC389B57208FFE5B0020EAD0 /* Sources */ = {
			isa = PBXGroup;
			children = (
				DC389B66208FFEF60020EAD0 /* Purse.swift */,
				DC389B58208FFE5B0020EAD0 /* Info.plist */,
				DC389B59208FFE5B0020EAD0 /* Purse.h */,
			);
			path = Sources;
			sourceTree = "<group>";
		};
		DC389B61208FFE6D0020EAD0 /* Tests */ = {
			isa = PBXGroup;
			children = (
				DC389B62208FFE6D0020EAD0 /* Info.plist */,
				DC389B63208FFE6D0020EAD0 /* DirectoryTests.swift */,
			);
			path = Tests;
			sourceTree = "<group>";
		};
/* End PBXGroup section */

/* Begin PBXHeadersBuildPhase section */
		DC389B3A208FFD9B0020EAD0 /* Headers */ = {
			isa = PBXHeadersBuildPhase;
			buildActionMask = 2147483647;
			files = (
				DC389B5E208FFE5C0020EAD0 /* Purse.h in Headers */,
			);
			runOnlyForDeploymentPostprocessing = 0;
		};
/* End PBXHeadersBuildPhase section */

/* Begin PBXNativeTarget section */
		DC389B3C208FFD9B0020EAD0 /* Purse */ = {
			isa = PBXNativeTarget;
			buildConfigurationList = DC389B51208FFD9C0020EAD0 /* Build configuration list for PBXNativeTarget "Purse" */;
			buildPhases = (
				DC389B38208FFD9B0020EAD0 /* Sources */,
				DC389B39208FFD9B0020EAD0 /* Frameworks */,
				DC389B3A208FFD9B0020EAD0 /* Headers */,
				DC389B3B208FFD9B0020EAD0 /* Resources */,
			);
			buildRules = (
			);
			dependencies = (
			);
			name = Purse;
			productName = Purse;
			productReference = DC389B3D208FFD9B0020EAD0 /* Purse.framework */;
			productType = "com.apple.product-type.framework";
		};
		DC389B45208FFD9C0020EAD0 /* PurseTests */ = {
			isa = PBXNativeTarget;
			buildConfigurationList = DC389B54208FFD9C0020EAD0 /* Build configuration list for PBXNativeTarget "PurseTests" */;
			buildPhases = (
				DC389B42208FFD9C0020EAD0 /* Sources */,
				DC389B43208FFD9C0020EAD0 /* Frameworks */,
				DC389B44208FFD9C0020EAD0 /* Resources */,
			);
			buildRules = (
			);
			dependencies = (
				DC389B49208FFD9C0020EAD0 /* PBXTargetDependency */,
			);
			name = PurseTests;
			productName = PurseTests;
			productReference = DC389B46208FFD9C0020EAD0 /* PurseTests.xctest */;
			productType = "com.apple.product-type.bundle.unit-test";
		};
/* End PBXNativeTarget section */

/* Begin PBXProject section */
		DC389B34208FFD9B0020EAD0 /* Project object */ = {
			isa = PBXProject;
			attributes = {
				LastSwiftUpdateCheck = 0920;
				LastUpgradeCheck = 0920;
				ORGANIZATIONNAME = "Harlan Kellaway";
				TargetAttributes = {
					DC389B3C208FFD9B0020EAD0 = {
						CreatedOnToolsVersion = 9.2;
						ProvisioningStyle = Automatic;
					};
					DC389B45208FFD9C0020EAD0 = {
						CreatedOnToolsVersion = 9.2;
						ProvisioningStyle = Automatic;
					};
				};
			};
			buildConfigurationList = DC389B37208FFD9B0020EAD0 /* Build configuration list for PBXProject "Purse" */;
			compatibilityVersion = "Xcode 8.0";
			developmentRegion = en;
			hasScannedForEncodings = 0;
			knownRegions = (
				en,
			);
			mainGroup = DC389B33208FFD9B0020EAD0;
			productRefGroup = DC389B3E208FFD9B0020EAD0 /* Products */;
			projectDirPath = "";
			projectRoot = "";
			targets = (
				DC389B3C208FFD9B0020EAD0 /* Purse */,
				DC389B45208FFD9C0020EAD0 /* PurseTests */,
			);
		};
/* End PBXProject section */

/* Begin PBXResourcesBuildPhase section */
		DC389B3B208FFD9B0020EAD0 /* Resources */ = {
			isa = PBXResourcesBuildPhase;
			buildActionMask = 2147483647;
			files = (
			);
			runOnlyForDeploymentPostprocessing = 0;
		};
		DC389B44208FFD9C0020EAD0 /* Resources */ = {
			isa = PBXResourcesBuildPhase;
			buildActionMask = 2147483647;
			files = (
			);
			runOnlyForDeploymentPostprocessing = 0;
		};
/* End PBXResourcesBuildPhase section */

/* Begin PBXSourcesBuildPhase section */
		DC389B38208FFD9B0020EAD0 /* Sources */ = {
			isa = PBXSourcesBuildPhase;
			buildActionMask = 2147483647;
			files = (
			);
			runOnlyForDeploymentPostprocessing = 0;
		};
		DC389B42208FFD9C0020EAD0 /* Sources */ = {
			isa = PBXSourcesBuildPhase;
			buildActionMask = 2147483647;
			files = (
				DC389B65208FFE6D0020EAD0 /* DirectoryTests.swift in Sources */,
				DC389B67208FFEF60020EAD0 /* Purse.swift in Sources */,
			);
			runOnlyForDeploymentPostprocessing = 0;
		};
/* End PBXSourcesBuildPhase section */

/* Begin PBXTargetDependency section */
		DC389B49208FFD9C0020EAD0 /* PBXTargetDependency */ = {
			isa = PBXTargetDependency;
			target = DC389B3C208FFD9B0020EAD0 /* Purse */;
			targetProxy = DC389B48208FFD9C0020EAD0 /* PBXContainerItemProxy */;
		};
/* End PBXTargetDependency section */

/* Begin XCBuildConfiguration section */
		DC389B4F208FFD9C0020EAD0 /* Debug */ = {
			isa = XCBuildConfiguration;
			buildSettings = {
				ALWAYS_SEARCH_USER_PATHS = NO;
				CLANG_ANALYZER_NONNULL = YES;
				CLANG_ANALYZER_NUMBER_OBJECT_CONVERSION = YES_AGGRESSIVE;
				CLANG_CXX_LANGUAGE_STANDARD = "gnu++14";
				CLANG_CXX_LIBRARY = "libc++";
				CLANG_ENABLE_MODULES = YES;
				CLANG_ENABLE_OBJC_ARC = YES;
				CLANG_WARN_BLOCK_CAPTURE_AUTORELEASING = YES;
				CLANG_WARN_BOOL_CONVERSION = YES;
				CLANG_WARN_COMMA = YES;
				CLANG_WARN_CONSTANT_CONVERSION = YES;
				CLANG_WARN_DIRECT_OBJC_ISA_USAGE = YES_ERROR;
				CLANG_WARN_DOCUMENTATION_COMMENTS = YES;
				CLANG_WARN_EMPTY_BODY = YES;
				CLANG_WARN_ENUM_CONVERSION = YES;
				CLANG_WARN_INFINITE_RECURSION = YES;
				CLANG_WARN_INT_CONVERSION = YES;
				CLANG_WARN_NON_LITERAL_NULL_CONVERSION = YES;
				CLANG_WARN_OBJC_LITERAL_CONVERSION = YES;
				CLANG_WARN_OBJC_ROOT_CLASS = YES_ERROR;
				CLANG_WARN_RANGE_LOOP_ANALYSIS = YES;
				CLANG_WARN_STRICT_PROTOTYPES = YES;
				CLANG_WARN_SUSPICIOUS_MOVE = YES;
				CLANG_WARN_UNGUARDED_AVAILABILITY = YES_AGGRESSIVE;
				CLANG_WARN_UNREACHABLE_CODE = YES;
				CLANG_WARN__DUPLICATE_METHOD_MATCH = YES;
				CODE_SIGN_IDENTITY = "iPhone Developer";
				COPY_PHASE_STRIP = NO;
				CURRENT_PROJECT_VERSION = 1;
				DEBUG_INFORMATION_FORMAT = dwarf;
				ENABLE_STRICT_OBJC_MSGSEND = YES;
				ENABLE_TESTABILITY = YES;
				GCC_C_LANGUAGE_STANDARD = gnu11;
				GCC_DYNAMIC_NO_PIC = NO;
				GCC_NO_COMMON_BLOCKS = YES;
				GCC_OPTIMIZATION_LEVEL = 0;
				GCC_PREPROCESSOR_DEFINITIONS = (
					"DEBUG=1",
					"$(inherited)",
				);
				GCC_WARN_64_TO_32_BIT_CONVERSION = YES;
				GCC_WARN_ABOUT_RETURN_TYPE = YES_ERROR;
				GCC_WARN_UNDECLARED_SELECTOR = YES;
				GCC_WARN_UNINITIALIZED_AUTOS = YES_AGGRESSIVE;
				GCC_WARN_UNUSED_FUNCTION = YES;
				GCC_WARN_UNUSED_VARIABLE = YES;
				IPHONEOS_DEPLOYMENT_TARGET = 11.0;
				MTL_ENABLE_DEBUG_INFO = YES;
				ONLY_ACTIVE_ARCH = YES;
				SDKROOT = iphoneos;
				SWIFT_ACTIVE_COMPILATION_CONDITIONS = DEBUG;
				SWIFT_OPTIMIZATION_LEVEL = "-Onone";
				VERSIONING_SYSTEM = "apple-generic";
				VERSION_INFO_PREFIX = "";
			};
			name = Debug;
		};
		DC389B50208FFD9C0020EAD0 /* Release */ = {
			isa = XCBuildConfiguration;
			buildSettings = {
				ALWAYS_SEARCH_USER_PATHS = NO;
				CLANG_ANALYZER_NONNULL = YES;
				CLANG_ANALYZER_NUMBER_OBJECT_CONVERSION = YES_AGGRESSIVE;
				CLANG_CXX_LANGUAGE_STANDARD = "gnu++14";
				CLANG_CXX_LIBRARY = "libc++";
				CLANG_ENABLE_MODULES = YES;
				CLANG_ENABLE_OBJC_ARC = YES;
				CLANG_WARN_BLOCK_CAPTURE_AUTORELEASING = YES;
				CLANG_WARN_BOOL_CONVERSION = YES;
				CLANG_WARN_COMMA = YES;
				CLANG_WARN_CONSTANT_CONVERSION = YES;
				CLANG_WARN_DIRECT_OBJC_ISA_USAGE = YES_ERROR;
				CLANG_WARN_DOCUMENTATION_COMMENTS = YES;
				CLANG_WARN_EMPTY_BODY = YES;
				CLANG_WARN_ENUM_CONVERSION = YES;
				CLANG_WARN_INFINITE_RECURSION = YES;
				CLANG_WARN_INT_CONVERSION = YES;
				CLANG_WARN_NON_LITERAL_NULL_CONVERSION = YES;
				CLANG_WARN_OBJC_LITERAL_CONVERSION = YES;
				CLANG_WARN_OBJC_ROOT_CLASS = YES_ERROR;
				CLANG_WARN_RANGE_LOOP_ANALYSIS = YES;
				CLANG_WARN_STRICT_PROTOTYPES = YES;
				CLANG_WARN_SUSPICIOUS_MOVE = YES;
				CLANG_WARN_UNGUARDED_AVAILABILITY = YES_AGGRESSIVE;
				CLANG_WARN_UNREACHABLE_CODE = YES;
				CLANG_WARN__DUPLICATE_METHOD_MATCH = YES;
				CODE_SIGN_IDENTITY = "iPhone Developer";
				COPY_PHASE_STRIP = NO;
				CURRENT_PROJECT_VERSION = 1;
				DEBUG_INFORMATION_FORMAT = "dwarf-with-dsym";
				ENABLE_NS_ASSERTIONS = NO;
				ENABLE_STRICT_OBJC_MSGSEND = YES;
				GCC_C_LANGUAGE_STANDARD = gnu11;
				GCC_NO_COMMON_BLOCKS = YES;
				GCC_WARN_64_TO_32_BIT_CONVERSION = YES;
				GCC_WARN_ABOUT_RETURN_TYPE = YES_ERROR;
				GCC_WARN_UNDECLARED_SELECTOR = YES;
				GCC_WARN_UNINITIALIZED_AUTOS = YES_AGGRESSIVE;
				GCC_WARN_UNUSED_FUNCTION = YES;
				GCC_WARN_UNUSED_VARIABLE = YES;
				IPHONEOS_DEPLOYMENT_TARGET = 11.0;
				MTL_ENABLE_DEBUG_INFO = NO;
				SDKROOT = iphoneos;
				SWIFT_OPTIMIZATION_LEVEL = "-Owholemodule";
				VALIDATE_PRODUCT = YES;
				VERSIONING_SYSTEM = "apple-generic";
				VERSION_INFO_PREFIX = "";
			};
			name = Release;
		};
		DC389B52208FFD9C0020EAD0 /* Debug */ = {
			isa = XCBuildConfiguration;
			buildSettings = {
				CODE_SIGN_IDENTITY = "";
				CODE_SIGN_STYLE = Automatic;
				DEFINES_MODULE = YES;
				DYLIB_COMPATIBILITY_VERSION = 1;
				DYLIB_CURRENT_VERSION = 1;
				DYLIB_INSTALL_NAME_BASE = "@rpath";
				INFOPLIST_FILE = Sources/Info.plist;
				INSTALL_PATH = "$(LOCAL_LIBRARY_DIR)/Frameworks";
				LD_RUNPATH_SEARCH_PATHS = "$(inherited) @executable_path/Frameworks @loader_path/Frameworks";
				PRODUCT_BUNDLE_IDENTIFIER = com.harlankellaway.Purse;
				PRODUCT_NAME = "$(TARGET_NAME:c99extidentifier)";
				SKIP_INSTALL = YES;
				SWIFT_VERSION = 4.0;
				TARGETED_DEVICE_FAMILY = "1,2";
			};
			name = Debug;
		};
		DC389B53208FFD9C0020EAD0 /* Release */ = {
			isa = XCBuildConfiguration;
			buildSettings = {
				CODE_SIGN_IDENTITY = "";
				CODE_SIGN_STYLE = Automatic;
				DEFINES_MODULE = YES;
				DYLIB_COMPATIBILITY_VERSION = 1;
				DYLIB_CURRENT_VERSION = 1;
				DYLIB_INSTALL_NAME_BASE = "@rpath";
				INFOPLIST_FILE = Sources/Info.plist;
				INSTALL_PATH = "$(LOCAL_LIBRARY_DIR)/Frameworks";
				LD_RUNPATH_SEARCH_PATHS = "$(inherited) @executable_path/Frameworks @loader_path/Frameworks";
				PRODUCT_BUNDLE_IDENTIFIER = com.harlankellaway.Purse;
				PRODUCT_NAME = "$(TARGET_NAME:c99extidentifier)";
				SKIP_INSTALL = YES;
				SWIFT_VERSION = 4.0;
				TARGETED_DEVICE_FAMILY = "1,2";
			};
			name = Release;
		};
		DC389B55208FFD9C0020EAD0 /* Debug */ = {
			isa = XCBuildConfiguration;
			buildSettings = {
				CODE_SIGN_STYLE = Automatic;
				INFOPLIST_FILE = Tests/Info.plist;
				LD_RUNPATH_SEARCH_PATHS = "$(inherited) @executable_path/Frameworks @loader_path/Frameworks";
				PRODUCT_BUNDLE_IDENTIFIER = com.harlankellaway.PurseTests;
				PRODUCT_NAME = "$(TARGET_NAME)";
				SWIFT_VERSION = 4.0;
				TARGETED_DEVICE_FAMILY = "1,2";
			};
			name = Debug;
		};
		DC389B56208FFD9C0020EAD0 /* Release */ = {
			isa = XCBuildConfiguration;
			buildSettings = {
				CODE_SIGN_STYLE = Automatic;
				INFOPLIST_FILE = Tests/Info.plist;
				LD_RUNPATH_SEARCH_PATHS = "$(inherited) @executable_path/Frameworks @loader_path/Frameworks";
				PRODUCT_BUNDLE_IDENTIFIER = com.harlankellaway.PurseTests;
				PRODUCT_NAME = "$(TARGET_NAME)";
				SWIFT_VERSION = 4.0;
				TARGETED_DEVICE_FAMILY = "1,2";
			};
			name = Release;
		};
/* End XCBuildConfiguration section */

/* Begin XCConfigurationList section */
		DC389B37208FFD9B0020EAD0 /* Build configuration list for PBXProject "Purse" */ = {
			isa = XCConfigurationList;
			buildConfigurations = (
				DC389B4F208FFD9C0020EAD0 /* Debug */,
				DC389B50208FFD9C0020EAD0 /* Release */,
			);
			defaultConfigurationIsVisible = 0;
			defaultConfigurationName = Release;
		};
		DC389B51208FFD9C0020EAD0 /* Build configuration list for PBXNativeTarget "Purse" */ = {
			isa = XCConfigurationList;
			buildConfigurations = (
				DC389B52208FFD9C0020EAD0 /* Debug */,
				DC389B53208FFD9C0020EAD0 /* Release */,
			);
			defaultConfigurationIsVisible = 0;
			defaultConfigurationName = Release;
		};
		DC389B54208FFD9C0020EAD0 /* Build configuration list for PBXNativeTarget "PurseTests" */ = {
			isa = XCConfigurationList;
			buildConfigurations = (
				DC389B55208FFD9C0020EAD0 /* Debug */,
				DC389B56208FFD9C0020EAD0 /* Release */,
			);
			defaultConfigurationIsVisible = 0;
			defaultConfigurationName = Release;
		};
/* End XCConfigurationList section */
	};
	rootObject = DC389B34208FFD9B0020EAD0 /* Project object */;
}
